
Microsoft Visual Studio Solution File, Format Version 12.00
# Visual Studio Version 17
VisualStudioVersion = 17.8.34525.116
MinimumVisualStudioVersion = 10.0.40219.1
Project("{FAE04EC0-301F-11D3-BF4B-00C04F79EFBC}") = "Guldfeldt", "Guldfeldt\Guldfeldt.csproj", "{77C0E09F-990E-4B89-8C71-EAEEBA8ACDD3}"
EndProject
Global
	GlobalSection(SolutionConfigurationPlatforms) = preSolution
		Debug|Any CPU = Debug|Any CPU
		Release|Any CPU = Release|Any CPU
	EndGlobalSection
	GlobalSection(ProjectConfigurationPlatforms) = postSolution
		{77C0E09F-990E-4B89-8C71-EAEEBA8ACDD3}.Debug|Any CPU.ActiveCfg = Debug|Any CPU
		{77C0E09F-990E-4B89-8C71-EAEEBA8ACDD3}.Debug|Any CPU.Build.0 = Debug|Any CPU
		{77C0E09F-990E-4B89-8C71-EAEEBA8ACDD3}.Release|Any CPU.ActiveCfg = Release|Any CPU
		{77C0E09F-990E-4B89-8C71-EAEEBA8ACDD3}.Release|Any CPU.Build.0 = Release|Any CPU
	EndGlobalSection
	GlobalSection(SolutionProperties) = preSolution
		HideSolutionNode = FALSE
	EndGlobalSection
	GlobalSection(ExtensibilityGlobals) = postSolution
		SolutionGuid = {8811F0D5-E1DC-44AE-86CB-6D6876522AF4}
	EndGlobalSection
EndGlobal
